
Microsoft Visual Studio Solution File, Format Version 12.00
# Visual Studio Version 17
VisualStudioVersion = 17.10.35013.160
MinimumVisualStudioVersion = 10.0.40219.1
Project("{9A19103F-16F7-4668-BE54-9A1E7A4F7556}") = "FinalProject", "FinalProject\FinalProject.csproj", "{8C73414B-2D5F-4D0A-8755-416BCC6EA09E}"
EndProject
Global
	GlobalSection(SolutionConfigurationPlatforms) = preSolution
		Debug|Any CPU = Debug|Any CPU
		Release|Any CPU = Release|Any CPU
	EndGlobalSection
	GlobalSection(ProjectConfigurationPlatforms) = postSolution
		{8C73414B-2D5F-4D0A-8755-416BCC6EA09E}.Debug|Any CPU.ActiveCfg = Debug|Any CPU
		{8C73414B-2D5F-4D0A-8755-416BCC6EA09E}.Debug|Any CPU.Build.0 = Debug|Any CPU
		{8C73414B-2D5F-4D0A-8755-416BCC6EA09E}.Release|Any CPU.ActiveCfg = Release|Any CPU
		{8C73414B-2D5F-4D0A-8755-416BCC6EA09E}.Release|Any CPU.Build.0 = Release|Any CPU
	EndGlobalSection
	GlobalSection(SolutionProperties) = preSolution
		HideSolutionNode = FALSE
	EndGlobalSection
	GlobalSection(ExtensibilityGlobals) = postSolution
		SolutionGuid = {FB90BB69-185B-4228-B599-87059F9CB06E}
	EndGlobalSection
EndGlobal
